
Microsoft Visual Studio Solution File, Format Version 10.00
# Visual Studio 2008
Project("{FAE04EC0-301F-11D3-BF4B-00C04F79EFBC}") = "DupliFinder", "DupliFinder\DupliFinder.csproj", "{89D4F3C0-2BBF-4243-8A6C-347D6D094848}"
EndProject
Global
	GlobalSection(TeamFoundationVersionControl) = preSolution
		SccNumberOfProjects = 2
		SccEnterpriseProvider = {4CA58AB2-18FA-4F8D-95D4-32DDF27D184C}
		SccTeamFoundationServer = https://tfs04.codeplex.com/
		SccLocalPath0 = .
		SccProjectUniqueName1 = DupliFinder\\DupliFinder.csproj
		SccProjectName1 = DupliFinder
		SccLocalPath1 = DupliFinder
	EndGlobalSection
	GlobalSection(SolutionConfigurationPlatforms) = preSolution
		Debug|Any CPU = Debug|Any CPU
		Release|Any CPU = Release|Any CPU
	EndGlobalSection
	GlobalSection(ProjectConfigurationPlatforms) = postSolution
		{89D4F3C0-2BBF-4243-8A6C-347D6D094848}.Debug|Any CPU.ActiveCfg = Debug|Any CPU
		{89D4F3C0-2BBF-4243-8A6C-347D6D094848}.Debug|Any CPU.Build.0 = Debug|Any CPU
		{89D4F3C0-2BBF-4243-8A6C-347D6D094848}.Release|Any CPU.ActiveCfg = Release|Any CPU
		{89D4F3C0-2BBF-4243-8A6C-347D6D094848}.Release|Any CPU.Build.0 = Release|Any CPU
	EndGlobalSection
	GlobalSection(SolutionProperties) = preSolution
		HideSolutionNode = FALSE
	EndGlobalSection
EndGlobal
